{
  "name": "lattice-grid-demo-tfl",
  "version": "1.0.0",
  "lockfileVersion": 3,
  "requires": true,
  "packages": {
    "": {
      "name": "lattice-grid-demo-tfl",
      "version": "1.0.0",
      "license": "MIT",
      "dependencies": {
        "@toclocoinc/lattice-grid": "^1.62.1"
      },
      "engines": {
        "node": ">=22"
      }
    },
    "node_modules/@toclocoinc/lattice-grid": {
      "version": "1.62.1",
      "resolved": "https://registry.npmjs.org/@toclocoinc/lattice-grid/-/lattice-grid-1.62.1.tgz",
      "integrity": "sha512-yuWlj5Ini34OMPtnyn2jpF3EZf+DIWZZycp091ti1yLf5mvOgXaqAcyGoCwv4wVXm2sg6bv5MQ39Wu5ZsR1hMQ==",
      "license": "SEE LICENSE IN LICENSE"
    }
  }
}
