{
  "name": "lattice-grid-demo-tfl",
  "version": "1.0.0",
  "lockfileVersion": 3,
  "requires": true,
  "packages": {
    "": {
      "name": "lattice-grid-demo-tfl",
      "version": "1.0.0",
      "license": "MIT",
      "dependencies": {
        "@toclocoinc/lattice-grid": "^1.62.0"
      },
      "engines": {
        "node": ">=22"
      }
    },
    "node_modules/@toclocoinc/lattice-grid": {
      "version": "1.62.0",
      "resolved": "https://registry.npmjs.org/@toclocoinc/lattice-grid/-/lattice-grid-1.62.0.tgz",
      "integrity": "sha512-YtZJRn9fv/QnIFvMngqqMe7pcYTjwL/FK0Kd7e+YUfhaI8g9xNPU43sgVQgvMyxgqMM7gCzYSQi5yOMCdD6HDw==",
      "license": "SEE LICENSE IN LICENSE"
    }
  }
}
